
Microsoft Visual Studio Solution File, Format Version 12.00
# Visual Studio Version 17
VisualStudioVersion = 17.13.35825.156
MinimumVisualStudioVersion = 10.0.40219.1
Project("{FAE04EC0-301F-11D3-BF4B-00C04F79EFBC}") = "AddressBook", "AddressBook\AddressBook.csproj", "{A2B3F75A-DF9B-40BB-AFA3-C096C778BF83}"
EndProject
Project("{FAE04EC0-301F-11D3-BF4B-00C04F79EFBC}") = "BusinessLayer", "BusinessLayer\BusinessLayer.csproj", "{F0AB6362-962D-4948-B0DB-5BE40BBBF0A5}"
EndProject
Project("{FAE04EC0-301F-11D3-BF4B-00C04F79EFBC}") = "RepositoryLayer", "RepositoryLayer\RepositoryLayer.csproj", "{42CBA19C-FCE6-4126-980C-9D843BB989F0}"
EndProject
Project("{FAE04EC0-301F-11D3-BF4B-00C04F79EFBC}") = "ModelLayer", "ModelLayer\ModelLayer.csproj", "{4C3B5872-8968-4F17-903C-BCDF6E8C9F32}"
EndProject
Project("{FAE04EC0-301F-11D3-BF4B-00C04F79EFBC}") = "AddressBookTests", "AddressBookTests\AddressBookTests.csproj", "{65829C4D-FD6C-4F36-BDE3-077A7A553944}"
EndProject
Global
	GlobalSection(SolutionConfigurationPlatforms) = preSolution
		Debug|Any CPU = Debug|Any CPU
		Release|Any CPU = Release|Any CPU
	EndGlobalSection
	GlobalSection(ProjectConfigurationPlatforms) = postSolution
		{A2B3F75A-DF9B-40BB-AFA3-C096C778BF83}.Debug|Any CPU.ActiveCfg = Debug|Any CPU
		{A2B3F75A-DF9B-40BB-AFA3-C096C778BF83}.Debug|Any CPU.Build.0 = Debug|Any CPU
		{A2B3F75A-DF9B-40BB-AFA3-C096C778BF83}.Release|Any CPU.ActiveCfg = Release|Any CPU
		{A2B3F75A-DF9B-40BB-AFA3-C096C778BF83}.Release|Any CPU.Build.0 = Release|Any CPU
		{F0AB6362-962D-4948-B0DB-5BE40BBBF0A5}.Debug|Any CPU.ActiveCfg = Debug|Any CPU
		{F0AB6362-962D-4948-B0DB-5BE40BBBF0A5}.Debug|Any CPU.Build.0 = Debug|Any CPU
		{F0AB6362-962D-4948-B0DB-5BE40BBBF0A5}.Release|Any CPU.ActiveCfg = Release|Any CPU
		{F0AB6362-962D-4948-B0DB-5BE40BBBF0A5}.Release|Any CPU.Build.0 = Release|Any CPU
		{42CBA19C-FCE6-4126-980C-9D843BB989F0}.Debug|Any CPU.ActiveCfg = Debug|Any CPU
		{42CBA19C-FCE6-4126-980C-9D843BB989F0}.Debug|Any CPU.Build.0 = Debug|Any CPU
		{42CBA19C-FCE6-4126-980C-9D843BB989F0}.Release|Any CPU.ActiveCfg = Release|Any CPU
		{42CBA19C-FCE6-4126-980C-9D843BB989F0}.Release|Any CPU.Build.0 = Release|Any CPU
		{4C3B5872-8968-4F17-903C-BCDF6E8C9F32}.Debug|Any CPU.ActiveCfg = Debug|Any CPU
		{4C3B5872-8968-4F17-903C-BCDF6E8C9F32}.Debug|Any CPU.Build.0 = Debug|Any CPU
		{4C3B5872-8968-4F17-903C-BCDF6E8C9F32}.Release|Any CPU.ActiveCfg = Release|Any CPU
		{4C3B5872-8968-4F17-903C-BCDF6E8C9F32}.Release|Any CPU.Build.0 = Release|Any CPU
		{65829C4D-FD6C-4F36-BDE3-077A7A553944}.Debug|Any CPU.ActiveCfg = Debug|Any CPU
		{65829C4D-FD6C-4F36-BDE3-077A7A553944}.Debug|Any CPU.Build.0 = Debug|Any CPU
		{65829C4D-FD6C-4F36-BDE3-077A7A553944}.Release|Any CPU.ActiveCfg = Release|Any CPU
		{65829C4D-FD6C-4F36-BDE3-077A7A553944}.Release|Any CPU.Build.0 = Release|Any CPU
	EndGlobalSection
	GlobalSection(SolutionProperties) = preSolution
		HideSolutionNode = FALSE
	EndGlobalSection
	GlobalSection(ExtensibilityGlobals) = postSolution
		SolutionGuid = {F5EF1E73-8015-41FA-A688-4C0A8008E0F1}
	EndGlobalSection
EndGlobal
